<?xml version="1.0" encoding="utf-8"?>
<Project ToolsVersion="4.0" xmlns="http://schemas.microsoft.com/developer/msbuild/2003">
  <ItemGroup>
    <Filter Include="Source Files">
      <UniqueIdentifier>{4FC737F1-C7A5-4376-A066-2A32D752A2FF}</UniqueIdentifier>
      <Extensions>cpp;c;cc;cxx;def;odl;idl;hpj;bat;asm;asmx</Extensions>
    </Filter>
  </ItemGroup>
  <ItemGroup>
    <ClInclude Include="_config.hpp">
      <Filter>Source Files</Filter>
    </ClInclude>
    <ClInclude Include="_rygdxt.hpp">
      <Filter>Source Files</Filter>
    </ClInclude>
    <ClInclude Include="_start.hpp">
      <Filter>Source Files</Filter>
    </ClInclude>
    <ClInclude Include="_types.hpp">
      <Filter>Source Files</Filter>
    </ClInclude>
    <ClInclude Include="genvector.hpp">
      <Filter>Source Files</Filter>
    </ClInclude>
    <ClInclude Include="w3texlib.hpp">
      <Filter>Source Files</Filter>
    </ClInclude>
    <ClInclude Include="w3texmain.hpp">
      <Filter>Source Files</Filter>
    </ClInclude>
    <ClInclude Include="genbitmap.hpp" />
  </ItemGroup>
  <ItemGroup>
    <ClCompile Include="_rygdxt.cpp">
      <Filter>Source Files</Filter>
    </ClCompile>
    <ClCompile Include="_start.cpp">
      <Filter>Source Files</Filter>
    </ClCompile>
    <ClCompile Include="_types.cpp">
      <Filter>Source Files</Filter>
    </ClCompile>
    <ClCompile Include="genbitmap.cpp">
      <Filter>Source Files</Filter>
    </ClCompile>
    <ClCompile Include="genvector.cpp">
      <Filter>Source Files</Filter>
    </ClCompile>
    <ClCompile Include="w3texlib.cpp">
      <Filter>Source Files</Filter>
    </ClCompile>
    <ClCompile Include="w3texmain.cpp">
      <Filter>Source Files</Filter>
    </ClCompile>
  </ItemGroup>
  <ItemGroup>
    <None Include="VTune\w3texlib.vpj" />
  </ItemGroup>
</Project>