<?xml version="1.0" encoding="utf-8"?>
<Project ToolsVersion="4.0" xmlns="http://schemas.microsoft.com/developer/msbuild/2003">
  <ItemGroup>
    <Filter Include="Source Files">
      <UniqueIdentifier>{c056db01-d656-4826-b9f2-f1856612049c}</UniqueIdentifier>
      <Extensions>cpp;c;cxx;rc;def;r;odl;idl;hpj;bat</Extensions>
    </Filter>
    <Filter Include="Header Files">
      <UniqueIdentifier>{5075a450-eb39-4935-8244-97faaa265bf8}</UniqueIdentifier>
      <Extensions>h;hpp;hxx;hm;inl</Extensions>
    </Filter>
    <Filter Include="Resource Files">
      <UniqueIdentifier>{402a259b-3434-4736-811b-c352069ee953}</UniqueIdentifier>
      <Extensions>ico;cur;bmp;dlg;rc2;rct;bin;rgs;gif;jpg;jpeg;jpe</Extensions>
    </Filter>
  </ItemGroup>
  <ItemGroup>
    <ClCompile Include="cmpop.cpp">
      <Filter>Source Files</Filter>
    </ClCompile>
    <ClCompile Include="debug.cpp">
      <Filter>Source Files</Filter>
    </ClCompile>
    <ClCompile Include="Directx.cpp">
      <Filter>Source Files</Filter>
    </ClCompile>
    <ClCompile Include="dsio.cpp">
      <Filter>Source Files</Filter>
    </ClCompile>
    <ClCompile Include="engine.cpp">
      <Filter>Source Files</Filter>
    </ClCompile>
    <ClCompile Include="geometry.cpp">
      <Filter>Source Files</Filter>
    </ClCompile>
    <ClCompile Include="geoop.cpp">
      <Filter>Source Files</Filter>
    </ClCompile>
    <ClCompile Include="math3d_2.cpp">
      <Filter>Source Files</Filter>
    </ClCompile>
    <ClCompile Include="opdata.cpp">
      <Filter>Source Files</Filter>
    </ClCompile>
    <ClCompile Include="opsys.cpp">
      <Filter>Source Files</Filter>
    </ClCompile>
    <ClCompile Include="optable.cpp">
      <Filter>Source Files</Filter>
    </ClCompile>
    <ClCompile Include="ronan.cpp">
      <Filter>Source Files</Filter>
    </ClCompile>
    <ClCompile Include="soundsys.cpp">
      <Filter>Source Files</Filter>
    </ClCompile>
    <ClCompile Include="texop.cpp">
      <Filter>Source Files</Filter>
    </ClCompile>
    <ClCompile Include="texture.cpp">
      <Filter>Source Files</Filter>
    </ClCompile>
    <ClCompile Include="viewer.cpp">
      <Filter>Source Files</Filter>
    </ClCompile>
  </ItemGroup>
  <ItemGroup>
    <None Include="d3d8types.inc">
      <Filter>Header Files</Filter>
    </None>
    <None Include="dsound.inc">
      <Filter>Header Files</Filter>
    </None>
    <None Include="win32.inc">
      <Filter>Header Files</Filter>
    </None>
  </ItemGroup>
  <ItemGroup>
    <ClInclude Include="cmpop.h">
      <Filter>Header Files</Filter>
    </ClInclude>
    <ClInclude Include="debug.h">
      <Filter>Header Files</Filter>
    </ClInclude>
    <ClInclude Include="directx.h">
      <Filter>Header Files</Filter>
    </ClInclude>
    <ClInclude Include="dsio.h">
      <Filter>Header Files</Filter>
    </ClInclude>
    <ClInclude Include="engine.h">
      <Filter>Header Files</Filter>
    </ClInclude>
    <ClInclude Include="fvsconfig.h">
      <Filter>Header Files</Filter>
    </ClInclude>
    <ClInclude Include="geometry.h">
      <Filter>Header Files</Filter>
    </ClInclude>
    <ClInclude Include="math3d_2.h">
      <Filter>Header Files</Filter>
    </ClInclude>
    <ClInclude Include="opdata.h">
      <Filter>Header Files</Filter>
    </ClInclude>
    <ClInclude Include="opsys.h">
      <Filter>Header Files</Filter>
    </ClInclude>
    <ClInclude Include="phonemtab.h">
      <Filter>Header Files</Filter>
    </ClInclude>
    <ClInclude Include="ronan.h">
      <Filter>Header Files</Filter>
    </ClInclude>
    <ClInclude Include="rtlib.h">
      <Filter>Header Files</Filter>
    </ClInclude>
    <ClInclude Include="soundsys.h">
      <Filter>Header Files</Filter>
    </ClInclude>
    <ClInclude Include="synth.h">
      <Filter>Header Files</Filter>
    </ClInclude>
    <ClInclude Include="texture.h">
      <Filter>Header Files</Filter>
    </ClInclude>
    <ClInclude Include="..\types.h">
      <Filter>Header Files</Filter>
    </ClInclude>
  </ItemGroup>
  <ItemGroup>
    <CustomBuild Include="dsio.asm">
      <Filter>Source Files</Filter>
    </CustomBuild>
    <CustomBuild Include="rtlib.asm">
      <Filter>Source Files</Filter>
    </CustomBuild>
    <CustomBuild Include="synth.asm">
      <Filter>Source Files</Filter>
    </CustomBuild>
  </ItemGroup>
</Project>