<?xml version="1.0" encoding="utf-8"?>
<Project ToolsVersion="4.0" xmlns="http://schemas.microsoft.com/developer/msbuild/2003">
  <ItemGroup>
    <Filter Include="Source Files">
      <UniqueIdentifier>{18bd2593-a308-4c22-9bab-74243f3a456e}</UniqueIdentifier>
      <Extensions>cpp;c;cxx;def;odl;idl;hpj;bat;asm</Extensions>
    </Filter>
  </ItemGroup>
  <ItemGroup>
    <ClInclude Include="_config.hpp">
      <Filter>Source Files</Filter>
    </ClInclude>
    <ClInclude Include="_startconsole.hpp">
      <Filter>Source Files</Filter>
    </ClInclude>
    <ClInclude Include="_types.hpp">
      <Filter>Source Files</Filter>
    </ClInclude>
    <ClInclude Include="debuginfo.hpp">
      <Filter>Source Files</Filter>
    </ClInclude>
    <ClInclude Include="dis.hpp">
      <Filter>Source Files</Filter>
    </ClInclude>
    <ClInclude Include="exepacker.hpp">
      <Filter>Source Files</Filter>
    </ClInclude>
    <ClInclude Include="mapfile.hpp">
      <Filter>Source Files</Filter>
    </ClInclude>
    <ClInclude Include="pdbfile.hpp">
      <Filter>Source Files</Filter>
    </ClInclude>
    <ClInclude Include="rangecoder.hpp">
      <Filter>Source Files</Filter>
    </ClInclude>
    <ClInclude Include="rdf.hpp">
      <Filter>Source Files</Filter>
    </ClInclude>
    <ClInclude Include="resource.h" />
  </ItemGroup>
  <ItemGroup>
    <ClCompile Include="_startconsole.cpp">
      <Filter>Source Files</Filter>
    </ClCompile>
    <ClCompile Include="_types.cpp">
      <Filter>Source Files</Filter>
    </ClCompile>
    <ClCompile Include="debuginfo.cpp">
      <Filter>Source Files</Filter>
    </ClCompile>
    <ClCompile Include="dis.cpp">
      <Filter>Source Files</Filter>
    </ClCompile>
    <ClCompile Include="exepacker.cpp">
      <Filter>Source Files</Filter>
    </ClCompile>
    <ClCompile Include="main.cpp">
      <Filter>Source Files</Filter>
    </ClCompile>
    <ClCompile Include="mapfile.cpp">
      <Filter>Source Files</Filter>
    </ClCompile>
    <ClCompile Include="pdbfile.cpp">
      <Filter>Source Files</Filter>
    </ClCompile>
    <ClCompile Include="rangecoder.cpp">
      <Filter>Source Files</Filter>
    </ClCompile>
    <ClCompile Include="rdf.cpp">
      <Filter>Source Files</Filter>
    </ClCompile>
  </ItemGroup>
  <ItemGroup>
    <CustomBuild Include="depack2.asm">
      <Filter>Source Files</Filter>
    </CustomBuild>
    <CustomBuild Include="depacker.asm">
      <Filter>Source Files</Filter>
    </CustomBuild>
    <CustomBuild Include="incdata.asm">
      <Filter>Source Files</Filter>
    </CustomBuild>
    <CustomBuild Include="model_asm.asm">
      <Filter>Source Files</Filter>
    </CustomBuild>
  </ItemGroup>
</Project>